
Microsoft Visual Studio Solution File, Format Version 12.00
# Visual Studio Version 16
VisualStudioVersion = 16.0.808.2
MinimumVisualStudioVersion = 10.0.40219.1
Project("{FAE04EC0-301F-11D3-BF4B-00C04F79EFBC}") = "practice-music-scales", "practice-music-scales.csproj", "{0D731375-7C18-4EB7-B1B9-623CC2750458}"
EndProject
Global
	GlobalSection(SolutionConfigurationPlatforms) = preSolution
		Debug|Any CPU = Debug|Any CPU
		Release|Any CPU = Release|Any CPU
	EndGlobalSection
	GlobalSection(ProjectConfigurationPlatforms) = postSolution
		{0D731375-7C18-4EB7-B1B9-623CC2750458}.Debug|Any CPU.ActiveCfg = Debug|Any CPU
		{0D731375-7C18-4EB7-B1B9-623CC2750458}.Debug|Any CPU.Build.0 = Debug|Any CPU
		{0D731375-7C18-4EB7-B1B9-623CC2750458}.Release|Any CPU.ActiveCfg = Release|Any CPU
		{0D731375-7C18-4EB7-B1B9-623CC2750458}.Release|Any CPU.Build.0 = Release|Any CPU
	EndGlobalSection
	GlobalSection(SolutionProperties) = preSolution
		HideSolutionNode = FALSE
	EndGlobalSection
	GlobalSection(ExtensibilityGlobals) = postSolution
		SolutionGuid = {5FA71D18-DADC-4CB7-ABE0-884525D3F801}
	EndGlobalSection
EndGlobal
